
Microsoft Visual Studio Solution File, Format Version 12.00
# Visual Studio Version 17
VisualStudioVersion = 17.5.33530.505
MinimumVisualStudioVersion = 10.0.40219.1
Project("{FAE04EC0-301F-11D3-BF4B-00C04F79EFBC}") = "WindowsFormsApp7", "WindowsFormsApp7\WindowsFormsApp7.csproj", "{920727CC-B318-4997-BFC2-C1039FCC7B0E}"
EndProject
Global
	GlobalSection(SolutionConfigurationPlatforms) = preSolution
		Debug|Any CPU = Debug|Any CPU
		Release|Any CPU = Release|Any CPU
	EndGlobalSection
	GlobalSection(ProjectConfigurationPlatforms) = postSolution
		{920727CC-B318-4997-BFC2-C1039FCC7B0E}.Debug|Any CPU.ActiveCfg = Debug|Any CPU
		{920727CC-B318-4997-BFC2-C1039FCC7B0E}.Debug|Any CPU.Build.0 = Debug|Any CPU
		{920727CC-B318-4997-BFC2-C1039FCC7B0E}.Release|Any CPU.ActiveCfg = Release|Any CPU
		{920727CC-B318-4997-BFC2-C1039FCC7B0E}.Release|Any CPU.Build.0 = Release|Any CPU
	EndGlobalSection
	GlobalSection(SolutionProperties) = preSolution
		HideSolutionNode = FALSE
	EndGlobalSection
	GlobalSection(ExtensibilityGlobals) = postSolution
		SolutionGuid = {C1D119C2-B64E-4C8E-906B-5E655949963A}
	EndGlobalSection
EndGlobal
